
Microsoft Visual Studio Solution File, Format Version 12.00
# Visual Studio 2012
Project("{FAE04EC0-301F-11D3-BF4B-00C04F79EFBC}") = "SY_Dexinjiaoyu", "SY_Dexinjiaoyu\SY_Dexinjiaoyu.csproj", "{5A7C5E82-4078-49BE-8E8E-8B6188E2285E}"
EndProject
Project("{FAE04EC0-301F-11D3-BF4B-00C04F79EFBC}") = "Order.Common", "Order.Common\Order.Common.csproj", "{EB3B4387-9D4C-4A07-A558-971602541779}"
EndProject
Project("{FAE04EC0-301F-11D3-BF4B-00C04F79EFBC}") = "Order.DB", "Order.DB\Order.DB.csproj", "{C686953F-4F4A-4BD8-A6B8-EBAFD17705AB}"
EndProject
Project("{FAE04EC0-301F-11D3-BF4B-00C04F79EFBC}") = "Dexin.Buiness", "Dexin.Buiness\Dexin.Buiness.csproj", "{98E8F0A5-DB9C-4FE6-A199-87F7614AEDA0}"
EndProject
Project("{6141683F-8A12-4E36-9623-2EB02B2C2303}") = "Setup", "Setup\Setup.isproj", "{F7BF17AF-2BE0-4002-B3E0-FDC5421070B2}"
	ProjectSection(ProjectDependencies) = postProject
		{5A7C5E82-4078-49BE-8E8E-8B6188E2285E} = {5A7C5E82-4078-49BE-8E8E-8B6188E2285E}
	EndProjectSection
EndProject
Global
	GlobalSection(SolutionConfigurationPlatforms) = preSolution
		CD_ROM|Any CPU = CD_ROM|Any CPU
		Debug|Any CPU = Debug|Any CPU
		DVD-5|Any CPU = DVD-5|Any CPU
		Release|Any CPU = Release|Any CPU
		SingleImage|Any CPU = SingleImage|Any CPU
	EndGlobalSection
	GlobalSection(ProjectConfigurationPlatforms) = postSolution
		{5A7C5E82-4078-49BE-8E8E-8B6188E2285E}.CD_ROM|Any CPU.ActiveCfg = Release|Any CPU
		{5A7C5E82-4078-49BE-8E8E-8B6188E2285E}.CD_ROM|Any CPU.Build.0 = Release|Any CPU
		{5A7C5E82-4078-49BE-8E8E-8B6188E2285E}.Debug|Any CPU.ActiveCfg = Debug|Any CPU
		{5A7C5E82-4078-49BE-8E8E-8B6188E2285E}.Debug|Any CPU.Build.0 = Debug|Any CPU
		{5A7C5E82-4078-49BE-8E8E-8B6188E2285E}.DVD-5|Any CPU.ActiveCfg = Debug|Any CPU
		{5A7C5E82-4078-49BE-8E8E-8B6188E2285E}.DVD-5|Any CPU.Build.0 = Debug|Any CPU
		{5A7C5E82-4078-49BE-8E8E-8B6188E2285E}.Release|Any CPU.ActiveCfg = Release|Any CPU
		{5A7C5E82-4078-49BE-8E8E-8B6188E2285E}.Release|Any CPU.Build.0 = Release|Any CPU
		{5A7C5E82-4078-49BE-8E8E-8B6188E2285E}.SingleImage|Any CPU.ActiveCfg = Debug|Any CPU
		{5A7C5E82-4078-49BE-8E8E-8B6188E2285E}.SingleImage|Any CPU.Build.0 = Debug|Any CPU
		{EB3B4387-9D4C-4A07-A558-971602541779}.CD_ROM|Any CPU.ActiveCfg = Release|Any CPU
		{EB3B4387-9D4C-4A07-A558-971602541779}.CD_ROM|Any CPU.Build.0 = Release|Any CPU
		{EB3B4387-9D4C-4A07-A558-971602541779}.Debug|Any CPU.ActiveCfg = Debug|Any CPU
		{EB3B4387-9D4C-4A07-A558-971602541779}.Debug|Any CPU.Build.0 = Debug|Any CPU
		{EB3B4387-9D4C-4A07-A558-971602541779}.DVD-5|Any CPU.ActiveCfg = Debug|Any CPU
		{EB3B4387-9D4C-4A07-A558-971602541779}.DVD-5|Any CPU.Build.0 = Debug|Any CPU
		{EB3B4387-9D4C-4A07-A558-971602541779}.Release|Any CPU.ActiveCfg = Release|Any CPU
		{EB3B4387-9D4C-4A07-A558-971602541779}.Release|Any CPU.Build.0 = Release|Any CPU
		{EB3B4387-9D4C-4A07-A558-971602541779}.SingleImage|Any CPU.ActiveCfg = Debug|Any CPU
		{EB3B4387-9D4C-4A07-A558-971602541779}.SingleImage|Any CPU.Build.0 = Debug|Any CPU
		{C686953F-4F4A-4BD8-A6B8-EBAFD17705AB}.CD_ROM|Any CPU.ActiveCfg = Release|Any CPU
		{C686953F-4F4A-4BD8-A6B8-EBAFD17705AB}.CD_ROM|Any CPU.Build.0 = Release|Any CPU
		{C686953F-4F4A-4BD8-A6B8-EBAFD17705AB}.Debug|Any CPU.ActiveCfg = Debug|Any CPU
		{C686953F-4F4A-4BD8-A6B8-EBAFD17705AB}.Debug|Any CPU.Build.0 = Debug|Any CPU
		{C686953F-4F4A-4BD8-A6B8-EBAFD17705AB}.DVD-5|Any CPU.ActiveCfg = Debug|Any CPU
		{C686953F-4F4A-4BD8-A6B8-EBAFD17705AB}.DVD-5|Any CPU.Build.0 = Debug|Any CPU
		{C686953F-4F4A-4BD8-A6B8-EBAFD17705AB}.Release|Any CPU.ActiveCfg = Release|Any CPU
		{C686953F-4F4A-4BD8-A6B8-EBAFD17705AB}.Release|Any CPU.Build.0 = Release|Any CPU
		{C686953F-4F4A-4BD8-A6B8-EBAFD17705AB}.SingleImage|Any CPU.ActiveCfg = Debug|Any CPU
		{C686953F-4F4A-4BD8-A6B8-EBAFD17705AB}.SingleImage|Any CPU.Build.0 = Debug|Any CPU
		{98E8F0A5-DB9C-4FE6-A199-87F7614AEDA0}.CD_ROM|Any CPU.ActiveCfg = Release|Any CPU
		{98E8F0A5-DB9C-4FE6-A199-87F7614AEDA0}.CD_ROM|Any CPU.Build.0 = Release|Any CPU
		{98E8F0A5-DB9C-4FE6-A199-87F7614AEDA0}.Debug|Any CPU.ActiveCfg = Debug|Any CPU
		{98E8F0A5-DB9C-4FE6-A199-87F7614AEDA0}.Debug|Any CPU.Build.0 = Debug|Any CPU
		{98E8F0A5-DB9C-4FE6-A199-87F7614AEDA0}.DVD-5|Any CPU.ActiveCfg = Debug|Any CPU
		{98E8F0A5-DB9C-4FE6-A199-87F7614AEDA0}.DVD-5|Any CPU.Build.0 = Debug|Any CPU
		{98E8F0A5-DB9C-4FE6-A199-87F7614AEDA0}.Release|Any CPU.ActiveCfg = Release|Any CPU
		{98E8F0A5-DB9C-4FE6-A199-87F7614AEDA0}.Release|Any CPU.Build.0 = Release|Any CPU
		{98E8F0A5-DB9C-4FE6-A199-87F7614AEDA0}.SingleImage|Any CPU.ActiveCfg = Debug|Any CPU
		{98E8F0A5-DB9C-4FE6-A199-87F7614AEDA0}.SingleImage|Any CPU.Build.0 = Debug|Any CPU
		{F7BF17AF-2BE0-4002-B3E0-FDC5421070B2}.CD_ROM|Any CPU.ActiveCfg = CD_ROM
		{F7BF17AF-2BE0-4002-B3E0-FDC5421070B2}.CD_ROM|Any CPU.Build.0 = CD_ROM
		{F7BF17AF-2BE0-4002-B3E0-FDC5421070B2}.Debug|Any CPU.ActiveCfg = DVD-5
		{F7BF17AF-2BE0-4002-B3E0-FDC5421070B2}.Debug|Any CPU.Build.0 = DVD-5
		{F7BF17AF-2BE0-4002-B3E0-FDC5421070B2}.DVD-5|Any CPU.ActiveCfg = DVD-5
		{F7BF17AF-2BE0-4002-B3E0-FDC5421070B2}.DVD-5|Any CPU.Build.0 = DVD-5
		{F7BF17AF-2BE0-4002-B3E0-FDC5421070B2}.Release|Any CPU.ActiveCfg = SingleImage
		{F7BF17AF-2BE0-4002-B3E0-FDC5421070B2}.Release|Any CPU.Build.0 = SingleImage
		{F7BF17AF-2BE0-4002-B3E0-FDC5421070B2}.SingleImage|Any CPU.ActiveCfg = SingleImage
		{F7BF17AF-2BE0-4002-B3E0-FDC5421070B2}.SingleImage|Any CPU.Build.0 = SingleImage
	EndGlobalSection
	GlobalSection(SolutionProperties) = preSolution
		HideSolutionNode = FALSE
	EndGlobalSection
EndGlobal
